
Microsoft Visual Studio Solution File, Format Version 12.00
# Visual Studio Version 17
VisualStudioVersion = 17.13.35825.156 d17.13
MinimumVisualStudioVersion = 10.0.40219.1
Project("{FAE04EC0-301F-11D3-BF4B-00C04F79EFBC}") = "WindowsFormsApp1", "WindowsFormsApp1\WindowsFormsApp1.csproj", "{ABE3F536-592E-4EB3-988E-249CF804622F}"
EndProject
Global
	GlobalSection(SolutionConfigurationPlatforms) = preSolution
		Debug|Any CPU = Debug|Any CPU
		Release|Any CPU = Release|Any CPU
	EndGlobalSection
	GlobalSection(ProjectConfigurationPlatforms) = postSolution
		{ABE3F536-592E-4EB3-988E-249CF804622F}.Debug|Any CPU.ActiveCfg = Debug|Any CPU
		{ABE3F536-592E-4EB3-988E-249CF804622F}.Debug|Any CPU.Build.0 = Debug|Any CPU
		{ABE3F536-592E-4EB3-988E-249CF804622F}.Release|Any CPU.ActiveCfg = Release|Any CPU
		{ABE3F536-592E-4EB3-988E-249CF804622F}.Release|Any CPU.Build.0 = Release|Any CPU
	EndGlobalSection
	GlobalSection(SolutionProperties) = preSolution
		HideSolutionNode = FALSE
	EndGlobalSection
	GlobalSection(ExtensibilityGlobals) = postSolution
		SolutionGuid = {5C3CA210-26F5-46AD-91FC-FFB9D8595009}
	EndGlobalSection
EndGlobal
