Microsoft Visual Studio Solution File, Format Version 12.00
# Visual Studio Version 17
VisualStudioVersion = 17.13.35828.75
MinimumVisualStudioVersion = 10.0.40219.1
Project("{FAE04EC0-301F-11D3-BF4B-00C04F79EFBC}") = "0424_2", "0424_2\0424_2.csproj", "{1E394EB7-1EA8-4DB6-93AB-764AC93019EE}"
EndProject
Global
	GlobalSection(SolutionConfigurationPlatforms) = preSolution
		Debug|Any CPU = Debug|Any CPU
		Release|Any CPU = Release|Any CPU
	EndGlobalSection
	GlobalSection(ProjectConfigurationPlatforms) = postSolution
		{1E394EB7-1EA8-4DB6-93AB-764AC93019EE}.Debug|Any CPU.ActiveCfg = Debug|Any CPU
		{1E394EB7-1EA8-4DB6-93AB-764AC93019EE}.Debug|Any CPU.Build.0 = Debug|Any CPU
		{1E394EB7-1EA8-4DB6-93AB-764AC93019EE}.Release|Any CPU.ActiveCfg = Release|Any CPU
		{1E394EB7-1EA8-4DB6-93AB-764AC93019EE}.Release|Any CPU.Build.0 = Release|Any CPU
	EndGlobalSection
	GlobalSection(SolutionProperties) = preSolution
		HideSolutionNode = FALSE
	EndGlobalSection
	GlobalSection(ExtensibilityGlobals) = postSolution
		SolutionGuid = {8E8EED5A-B177-46BA-8EDC-6A514261E8F1}
	EndGlobalSection
EndGlobal
