Microsoft Visual Studio Solution File, Format Version 12.00
# Visual Studio Version 17
VisualStudioVersion = 17.13.35828.75
MinimumVisualStudioVersion = 10.0.40219.1
Project("{FAE04EC0-301F-11D3-BF4B-00C04F79EFBC}") = "0421_2", "0421_2\0421_2.csproj", "{3FA7D918-00F5-4727-96A2-DF4469FD6FD6}"
EndProject
Global
	GlobalSection(SolutionConfigurationPlatforms) = preSolution
		Debug|Any CPU = Debug|Any CPU
		Release|Any CPU = Release|Any CPU
	EndGlobalSection
	GlobalSection(ProjectConfigurationPlatforms) = postSolution
		{3FA7D918-00F5-4727-96A2-DF4469FD6FD6}.Debug|Any CPU.ActiveCfg = Debug|Any CPU
		{3FA7D918-00F5-4727-96A2-DF4469FD6FD6}.Debug|Any CPU.Build.0 = Debug|Any CPU
		{3FA7D918-00F5-4727-96A2-DF4469FD6FD6}.Release|Any CPU.ActiveCfg = Release|Any CPU
		{3FA7D918-00F5-4727-96A2-DF4469FD6FD6}.Release|Any CPU.Build.0 = Release|Any CPU
	EndGlobalSection
	GlobalSection(SolutionProperties) = preSolution
		HideSolutionNode = FALSE
	EndGlobalSection
	GlobalSection(ExtensibilityGlobals) = postSolution
		SolutionGuid = {C230012B-09A6-4DB3-A418-4AFEB2066A76}
	EndGlobalSection
EndGlobal
